// !$*UTF8*$!
{
	archiveVersion = 1;
	classes = {
	};
	objectVersion = 46;
	objects = {

/* Begin PBXBuildFile section */
		343AE4111CF3E63B00E25F86 /* Test.cc3 in Resources */ = {isa = PBXBuildFile; fileRef = 343AE4101CF3E63B00E25F86 /* Test.cc3 */; };
		343AE4141CF3E64900E25F86 /* Challenge.cc3 in Resources */ = {isa = PBXBuildFile; fileRef = 343AE4121CF3E64900E25F86 /* Challenge.cc3 */; };
		343AE4151CF3E64900E25F86 /* Pretty Challenge.cc3 in Resources */ = {isa = PBXBuildFile; fileRef = 343AE4131CF3E64900E25F86 /* Pretty Challenge.cc3 */; };
		343AE4171CF3E65400E25F86 /* Equal.cc3 in Resources */ = {isa = PBXBuildFile; fileRef = 343AE4161CF3E65400E25F86 /* Equal.cc3 */; };
		3444DF1F1CED1EC900F29C12 /* EmulatorTests.swift in Sources */ = {isa = PBXBuildFile; fileRef = 3444DF1E1CED1EC900F29C12 /* EmulatorTests.swift */; };
		345BF7651CF78524008A8C23 /* Challenge42.cc3 in Resources */ = {isa = PBXBuildFile; fileRef = 345BF7641CF78524008A8C23 /* Challenge42.cc3 */; };
		345BF7671CF788C9008A8C23 /* Challenge1000.cc3 in Resources */ = {isa = PBXBuildFile; fileRef = 345BF7661CF788C9008A8C23 /* Challenge1000.cc3 */; };
		345BF7691CF78953008A8C23 /* Challenge1234.cc3 in Resources */ = {isa = PBXBuildFile; fileRef = 345BF7681CF78953008A8C23 /* Challenge1234.cc3 */; };
		348EB6A11CEBC14B00ADF1C3 /* Binary.swift in Sources */ = {isa = PBXBuildFile; fileRef = 348EB6A01CEBC14B00ADF1C3 /* Binary.swift */; };
		348EB6A31CEBD08900ADF1C3 /* BinaryTests.swift in Sources */ = {isa = PBXBuildFile; fileRef = 348EB6A21CEBD08900ADF1C3 /* BinaryTests.swift */; };
		348EB6A41CEBD0CD00ADF1C3 /* Binary.swift in Sources */ = {isa = PBXBuildFile; fileRef = 348EB6A01CEBC14B00ADF1C3 /* Binary.swift */; };
		34A9638E1CE50C7900CD9B57 /* main.swift in Sources */ = {isa = PBXBuildFile; fileRef = 34A9638D1CE50C7900CD9B57 /* main.swift */; };
		34A963B11CE5156B00CD9B57 /* Emulator.swift in Sources */ = {isa = PBXBuildFile; fileRef = 34A963AF1CE5156B00CD9B57 /* Emulator.swift */; };
		34A963B21CE5156B00CD9B57 /* Spec.swift in Sources */ = {isa = PBXBuildFile; fileRef = 34A963B01CE5156B00CD9B57 /* Spec.swift */; };
		34A963B41CE5160D00CD9B57 /* Compiler.swift in Sources */ = {isa = PBXBuildFile; fileRef = 34A963B31CE5160D00CD9B57 /* Compiler.swift */; };
		34BD9D491CF4B3B300C01820 /* ChallengeTests.swift in Sources */ = {isa = PBXBuildFile; fileRef = 34BD9D481CF4B3B300C01820 /* ChallengeTests.swift */; };
		34E2D0601CEA633800DD34D0 /* Spec.swift in Sources */ = {isa = PBXBuildFile; fileRef = 34A963B01CE5156B00CD9B57 /* Spec.swift */; };
		34E2D0611CEA633B00DD34D0 /* Emulator.swift in Sources */ = {isa = PBXBuildFile; fileRef = 34A963AF1CE5156B00CD9B57 /* Emulator.swift */; };
		34E2D0621CEA633E00DD34D0 /* Compiler.swift in Sources */ = {isa = PBXBuildFile; fileRef = 34A963B31CE5160D00CD9B57 /* Compiler.swift */; };
		34E2D0761CEA710900DD34D0 /* CompilerTests.swift in Sources */ = {isa = PBXBuildFile; fileRef = 34E2D0751CEA710900DD34D0 /* CompilerTests.swift */; };
/* End PBXBuildFile section */

/* Begin PBXCopyFilesBuildPhase section */
		34A963881CE50C7900CD9B57 /* CopyFiles */ = {
			isa = PBXCopyFilesBuildPhase;
			buildActionMask = 2147483647;
			dstPath = /usr/share/man/man1/;
			dstSubfolderSpec = 0;
			files = (
			);
			runOnlyForDeploymentPostprocessing = 1;
		};
/* End PBXCopyFilesBuildPhase section */

/* Begin PBXFileReference section */
		343AE4101CF3E63B00E25F86 /* Test.cc3 */ = {isa = PBXFileReference; fileEncoding = 4; lastKnownFileType = text; name = Test.cc3; path = "Test Files/Test.cc3"; sourceTree = SOURCE_ROOT; };
		343AE4121CF3E64900E25F86 /* Challenge.cc3 */ = {isa = PBXFileReference; fileEncoding = 4; lastKnownFileType = text; name = Challenge.cc3; path = "Test Files/Challenge.cc3"; sourceTree = SOURCE_ROOT; };
		343AE4131CF3E64900E25F86 /* Pretty Challenge.cc3 */ = {isa = PBXFileReference; fileEncoding = 4; lastKnownFileType = text; name = "Pretty Challenge.cc3"; path = "Test Files/Pretty Challenge.cc3"; sourceTree = SOURCE_ROOT; };
		343AE4161CF3E65400E25F86 /* Equal.cc3 */ = {isa = PBXFileReference; fileEncoding = 4; lastKnownFileType = text; name = Equal.cc3; path = "Test Files/Equal.cc3"; sourceTree = SOURCE_ROOT; };
		3444DF1E1CED1EC900F29C12 /* EmulatorTests.swift */ = {isa = PBXFileReference; fileEncoding = 4; lastKnownFileType = sourcecode.swift; path = EmulatorTests.swift; sourceTree = "<group>"; };
		345BF7641CF78524008A8C23 /* Challenge42.cc3 */ = {isa = PBXFileReference; fileEncoding = 4; lastKnownFileType = text; name = Challenge42.cc3; path = "Test Files/Challenge42.cc3"; sourceTree = SOURCE_ROOT; xcLanguageSpecificationIdentifier = xcode.lang.simpleColoring; };
		345BF7661CF788C9008A8C23 /* Challenge1000.cc3 */ = {isa = PBXFileReference; fileEncoding = 4; lastKnownFileType = text; name = Challenge1000.cc3; path = "Test Files/Challenge1000.cc3"; sourceTree = SOURCE_ROOT; xcLanguageSpecificationIdentifier = xcode.lang.simpleColoring; };
		345BF7681CF78953008A8C23 /* Challenge1234.cc3 */ = {isa = PBXFileReference; fileEncoding = 4; lastKnownFileType = text; name = Challenge1234.cc3; path = "Test Files/Challenge1234.cc3"; sourceTree = SOURCE_ROOT; xcLanguageSpecificationIdentifier = xcode.lang.simpleColoring; };
		348EB6A01CEBC14B00ADF1C3 /* Binary.swift */ = {isa = PBXFileReference; fileEncoding = 4; lastKnownFileType = sourcecode.swift; path = Binary.swift; sourceTree = "<group>"; };
		348EB6A21CEBD08900ADF1C3 /* BinaryTests.swift */ = {isa = PBXFileReference; fileEncoding = 4; lastKnownFileType = sourcecode.swift; path = BinaryTests.swift; sourceTree = "<group>"; };
		34A9638A1CE50C7900CD9B57 /* cc3 */ = {isa = PBXFileReference; explicitFileType = "compiled.mach-o.executable"; includeInIndex = 0; path = cc3; sourceTree = BUILT_PRODUCTS_DIR; };
		34A9638D1CE50C7900CD9B57 /* main.swift */ = {isa = PBXFileReference; lastKnownFileType = sourcecode.swift; path = main.swift; sourceTree = "<group>"; };
		34A963AF1CE5156B00CD9B57 /* Emulator.swift */ = {isa = PBXFileReference; fileEncoding = 4; lastKnownFileType = sourcecode.swift; path = Emulator.swift; sourceTree = "<group>"; };
		34A963B01CE5156B00CD9B57 /* Spec.swift */ = {isa = PBXFileReference; fileEncoding = 4; lastKnownFileType = sourcecode.swift; path = Spec.swift; sourceTree = "<group>"; };
		34A963B31CE5160D00CD9B57 /* Compiler.swift */ = {isa = PBXFileReference; fileEncoding = 4; lastKnownFileType = sourcecode.swift; path = Compiler.swift; sourceTree = "<group>"; };
		34A963B51CE5194100CD9B57 /* CC3 Lang Spec.md */ = {isa = PBXFileReference; fileEncoding = 4; lastKnownFileType = net.daringfireball.markdown; path = "CC3 Lang Spec.md"; sourceTree = "<group>"; };
		34BD9D481CF4B3B300C01820 /* ChallengeTests.swift */ = {isa = PBXFileReference; fileEncoding = 4; lastKnownFileType = sourcecode.swift; path = ChallengeTests.swift; sourceTree = "<group>"; };
		34E2D0561CEA617F00DD34D0 /* CC3 Tests.xctest */ = {isa = PBXFileReference; explicitFileType = wrapper.cfbundle; includeInIndex = 0; path = "CC3 Tests.xctest"; sourceTree = BUILT_PRODUCTS_DIR; };
		34E2D05A1CEA617F00DD34D0 /* Info.plist */ = {isa = PBXFileReference; lastKnownFileType = text.plist.xml; path = Info.plist; sourceTree = "<group>"; };
		34E2D0751CEA710900DD34D0 /* CompilerTests.swift */ = {isa = PBXFileReference; fileEncoding = 4; lastKnownFileType = sourcecode.swift; path = CompilerTests.swift; sourceTree = "<group>"; };
/* End PBXFileReference section */

/* Begin PBXFrameworksBuildPhase section */
		34A963871CE50C7900CD9B57 /* Frameworks */ = {
			isa = PBXFrameworksBuildPhase;
			buildActionMask = 2147483647;
			files = (
			);
			runOnlyForDeploymentPostprocessing = 0;
		};
		34E2D0531CEA617F00DD34D0 /* Frameworks */ = {
			isa = PBXFrameworksBuildPhase;
			buildActionMask = 2147483647;
			files = (
			);
			runOnlyForDeploymentPostprocessing = 0;
		};
/* End PBXFrameworksBuildPhase section */

/* Begin PBXGroup section */
		34A963811CE50C7900CD9B57 = {
			isa = PBXGroup;
			children = (
				34A9638C1CE50C7900CD9B57 /* Coding Challenge 3 */,
				34E2D0571CEA617F00DD34D0 /* CC3 Tests */,
				34A9638B1CE50C7900CD9B57 /* Products */,
			);
			sourceTree = "<group>";
		};
		34A9638B1CE50C7900CD9B57 /* Products */ = {
			isa = PBXGroup;
			children = (
				34A9638A1CE50C7900CD9B57 /* cc3 */,
				34E2D0561CEA617F00DD34D0 /* CC3 Tests.xctest */,
			);
			name = Products;
			sourceTree = "<group>";
		};
		34A9638C1CE50C7900CD9B57 /* Coding Challenge 3 */ = {
			isa = PBXGroup;
			children = (
				34A9638D1CE50C7900CD9B57 /* main.swift */,
				34A963AE1CE5156B00CD9B57 /* CC3 */,
			);
			path = "Coding Challenge 3";
			sourceTree = "<group>";
		};
		34A963AE1CE5156B00CD9B57 /* CC3 */ = {
			isa = PBXGroup;
			children = (
				34A963B51CE5194100CD9B57 /* CC3 Lang Spec.md */,
				34A963B01CE5156B00CD9B57 /* Spec.swift */,
				34A963AF1CE5156B00CD9B57 /* Emulator.swift */,
				34A963B31CE5160D00CD9B57 /* Compiler.swift */,
				348EB6A01CEBC14B00ADF1C3 /* Binary.swift */,
			);
			path = CC3;
			sourceTree = "<group>";
		};
		34E2D0571CEA617F00DD34D0 /* CC3 Tests */ = {
			isa = PBXGroup;
			children = (
				34E2D05A1CEA617F00DD34D0 /* Info.plist */,
				34E2D0631CEA644700DD34D0 /* CC3 Source Files */,
				34E2D0751CEA710900DD34D0 /* CompilerTests.swift */,
				348EB6A21CEBD08900ADF1C3 /* BinaryTests.swift */,
				3444DF1E1CED1EC900F29C12 /* EmulatorTests.swift */,
				34BD9D481CF4B3B300C01820 /* ChallengeTests.swift */,
			);
			path = "CC3 Tests";
			sourceTree = "<group>";
		};
		34E2D0631CEA644700DD34D0 /* CC3 Source Files */ = {
			isa = PBXGroup;
			children = (
				34E2D06C1CEA6E8800DD34D0 /* Tests */,
				34E2D06D1CEA6E9200DD34D0 /* Challenge */,
				34E2D06E1CEA6EA200DD34D0 /* Fun */,
			);
			name = "CC3 Source Files";
			path = "Test Files";
			sourceTree = "<group>";
		};
		34E2D06C1CEA6E8800DD34D0 /* Tests */ = {
			isa = PBXGroup;
			children = (
				343AE4101CF3E63B00E25F86 /* Test.cc3 */,
			);
			name = Tests;
			sourceTree = "<group>";
		};
		34E2D06D1CEA6E9200DD34D0 /* Challenge */ = {
			isa = PBXGroup;
			children = (
				343AE4121CF3E64900E25F86 /* Challenge.cc3 */,
				343AE4131CF3E64900E25F86 /* Pretty Challenge.cc3 */,
				345BF7641CF78524008A8C23 /* Challenge42.cc3 */,
				345BF7661CF788C9008A8C23 /* Challenge1000.cc3 */,
				345BF7681CF78953008A8C23 /* Challenge1234.cc3 */,
			);
			name = Challenge;
			sourceTree = "<group>";
		};
		34E2D06E1CEA6EA200DD34D0 /* Fun */ = {
			isa = PBXGroup;
			children = (
				343AE4161CF3E65400E25F86 /* Equal.cc3 */,
			);
			name = Fun;
			sourceTree = "<group>";
		};
/* End PBXGroup section */

/* Begin PBXNativeTarget section */
		34A963891CE50C7900CD9B57 /* Coding Challenge 3 */ = {
			isa = PBXNativeTarget;
			buildConfigurationList = 34A963911CE50C7900CD9B57 /* Build configuration list for PBXNativeTarget "Coding Challenge 3" */;
			buildPhases = (
				34A963861CE50C7900CD9B57 /* Sources */,
				34A963871CE50C7900CD9B57 /* Frameworks */,
				34A963881CE50C7900CD9B57 /* CopyFiles */,
				343AE40F1CF3E41C00E25F86 /* Copy Binary */,
			);
			buildRules = (
			);
			dependencies = (
			);
			name = "Coding Challenge 3";
			productName = "Coding Challenge 3";
			productReference = 34A9638A1CE50C7900CD9B57 /* cc3 */;
			productType = "com.apple.product-type.tool";
		};
		34E2D0551CEA617F00DD34D0 /* CC3 Tests */ = {
			isa = PBXNativeTarget;
			buildConfigurationList = 34E2D05D1CEA617F00DD34D0 /* Build configuration list for PBXNativeTarget "CC3 Tests" */;
			buildPhases = (
				34E2D0521CEA617F00DD34D0 /* Sources */,
				34E2D0531CEA617F00DD34D0 /* Frameworks */,
				34E2D0541CEA617F00DD34D0 /* Resources */,
			);
			buildRules = (
			);
			dependencies = (
			);
			name = "CC3 Tests";
			productName = "CC3 Tests";
			productReference = 34E2D0561CEA617F00DD34D0 /* CC3 Tests.xctest */;
			productType = "com.apple.product-type.bundle.unit-test";
		};
/* End PBXNativeTarget section */

/* Begin PBXProject section */
		34A963821CE50C7900CD9B57 /* Project object */ = {
			isa = PBXProject;
			attributes = {
				LastSwiftUpdateCheck = 0730;
				LastUpgradeCheck = 0730;
				ORGANIZATIONNAME = "WillowTree, Inc";
				TargetAttributes = {
					34A963891CE50C7900CD9B57 = {
						CreatedOnToolsVersion = 7.3.1;
					};
					34E2D0551CEA617F00DD34D0 = {
						CreatedOnToolsVersion = 7.3.1;
					};
				};
			};
			buildConfigurationList = 34A963851CE50C7900CD9B57 /* Build configuration list for PBXProject "Coding Challenge 3" */;
			compatibilityVersion = "Xcode 3.2";
			developmentRegion = English;
			hasScannedForEncodings = 0;
			knownRegions = (
				en,
			);
			mainGroup = 34A963811CE50C7900CD9B57;
			productRefGroup = 34A9638B1CE50C7900CD9B57 /* Products */;
			projectDirPath = "";
			projectRoot = "";
			targets = (
				34A963891CE50C7900CD9B57 /* Coding Challenge 3 */,
				34E2D0551CEA617F00DD34D0 /* CC3 Tests */,
			);
		};
/* End PBXProject section */

/* Begin PBXResourcesBuildPhase section */
		34E2D0541CEA617F00DD34D0 /* Resources */ = {
			isa = PBXResourcesBuildPhase;
			buildActionMask = 2147483647;
			files = (
				343AE4151CF3E64900E25F86 /* Pretty Challenge.cc3 in Resources */,
				345BF7651CF78524008A8C23 /* Challenge42.cc3 in Resources */,
				345BF7671CF788C9008A8C23 /* Challenge1000.cc3 in Resources */,
				343AE4111CF3E63B00E25F86 /* Test.cc3 in Resources */,
				343AE4171CF3E65400E25F86 /* Equal.cc3 in Resources */,
				345BF7691CF78953008A8C23 /* Challenge1234.cc3 in Resources */,
				343AE4141CF3E64900E25F86 /* Challenge.cc3 in Resources */,
			);
			runOnlyForDeploymentPostprocessing = 0;
		};
/* End PBXResourcesBuildPhase section */

/* Begin PBXShellScriptBuildPhase section */
		343AE40F1CF3E41C00E25F86 /* Copy Binary */ = {
			isa = PBXShellScriptBuildPhase;
			buildActionMask = 2147483647;
			files = (
			);
			inputPaths = (
			);
			name = "Copy Binary";
			outputPaths = (
			);
			runOnlyForDeploymentPostprocessing = 0;
			shellPath = /bin/sh;
			shellScript = "cp \"${CONFIGURATION_BUILD_DIR}/cc3\" \"${SRCROOT}/bin/cc3\"";
			showEnvVarsInLog = 0;
		};
/* End PBXShellScriptBuildPhase section */

/* Begin PBXSourcesBuildPhase section */
		34A963861CE50C7900CD9B57 /* Sources */ = {
			isa = PBXSourcesBuildPhase;
			buildActionMask = 2147483647;
			files = (
				34A963B41CE5160D00CD9B57 /* Compiler.swift in Sources */,
				34A963B11CE5156B00CD9B57 /* Emulator.swift in Sources */,
				34A9638E1CE50C7900CD9B57 /* main.swift in Sources */,
				348EB6A11CEBC14B00ADF1C3 /* Binary.swift in Sources */,
				34A963B21CE5156B00CD9B57 /* Spec.swift in Sources */,
			);
			runOnlyForDeploymentPostprocessing = 0;
		};
		34E2D0521CEA617F00DD34D0 /* Sources */ = {
			isa = PBXSourcesBuildPhase;
			buildActionMask = 2147483647;
			files = (
				34E2D0621CEA633E00DD34D0 /* Compiler.swift in Sources */,
				348EB6A31CEBD08900ADF1C3 /* BinaryTests.swift in Sources */,
				34E2D0611CEA633B00DD34D0 /* Emulator.swift in Sources */,
				34E2D0601CEA633800DD34D0 /* Spec.swift in Sources */,
				348EB6A41CEBD0CD00ADF1C3 /* Binary.swift in Sources */,
				34BD9D491CF4B3B300C01820 /* ChallengeTests.swift in Sources */,
				34E2D0761CEA710900DD34D0 /* CompilerTests.swift in Sources */,
				3444DF1F1CED1EC900F29C12 /* EmulatorTests.swift in Sources */,
			);
			runOnlyForDeploymentPostprocessing = 0;
		};
/* End PBXSourcesBuildPhase section */

/* Begin XCBuildConfiguration section */
		34A9638F1CE50C7900CD9B57 /* Debug */ = {
			isa = XCBuildConfiguration;
			buildSettings = {
				ALWAYS_SEARCH_USER_PATHS = NO;
				CLANG_ANALYZER_NONNULL = YES;
				CLANG_CXX_LANGUAGE_STANDARD = "gnu++0x";
				CLANG_CXX_LIBRARY = "libc++";
				CLANG_ENABLE_MODULES = YES;
				CLANG_ENABLE_OBJC_ARC = YES;
				CLANG_WARN_BOOL_CONVERSION = YES;
				CLANG_WARN_CONSTANT_CONVERSION = YES;
				CLANG_WARN_DIRECT_OBJC_ISA_USAGE = YES_ERROR;
				CLANG_WARN_EMPTY_BODY = YES;
				CLANG_WARN_ENUM_CONVERSION = YES;
				CLANG_WARN_INT_CONVERSION = YES;
				CLANG_WARN_OBJC_ROOT_CLASS = YES_ERROR;
				CLANG_WARN_UNREACHABLE_CODE = YES;
				CLANG_WARN__DUPLICATE_METHOD_MATCH = YES;
				CODE_SIGN_IDENTITY = "-";
				COPY_PHASE_STRIP = NO;
				DEBUG_INFORMATION_FORMAT = dwarf;
				ENABLE_STRICT_OBJC_MSGSEND = YES;
				ENABLE_TESTABILITY = YES;
				GCC_C_LANGUAGE_STANDARD = gnu99;
				GCC_DYNAMIC_NO_PIC = NO;
				GCC_NO_COMMON_BLOCKS = YES;
				GCC_OPTIMIZATION_LEVEL = 0;
				GCC_PREPROCESSOR_DEFINITIONS = (
					"DEBUG=1",
					"$(inherited)",
				);
				GCC_WARN_64_TO_32_BIT_CONVERSION = YES;
				GCC_WARN_ABOUT_RETURN_TYPE = YES_ERROR;
				GCC_WARN_UNDECLARED_SELECTOR = YES;
				GCC_WARN_UNINITIALIZED_AUTOS = YES_AGGRESSIVE;
				GCC_WARN_UNUSED_FUNCTION = YES;
				GCC_WARN_UNUSED_VARIABLE = YES;
				MACOSX_DEPLOYMENT_TARGET = 10.11;
				MTL_ENABLE_DEBUG_INFO = YES;
				ONLY_ACTIVE_ARCH = YES;
				SDKROOT = macosx;
				SWIFT_OPTIMIZATION_LEVEL = "-Onone";
			};
			name = Debug;
		};
		34A963901CE50C7900CD9B57 /* Release */ = {
			isa = XCBuildConfiguration;
			buildSettings = {
				ALWAYS_SEARCH_USER_PATHS = NO;
				CLANG_ANALYZER_NONNULL = YES;
				CLANG_CXX_LANGUAGE_STANDARD = "gnu++0x";
				CLANG_CXX_LIBRARY = "libc++";
				CLANG_ENABLE_MODULES = YES;
				CLANG_ENABLE_OBJC_ARC = YES;
				CLANG_WARN_BOOL_CONVERSION = YES;
				CLANG_WARN_CONSTANT_CONVERSION = YES;
				CLANG_WARN_DIRECT_OBJC_ISA_USAGE = YES_ERROR;
				CLANG_WARN_EMPTY_BODY = YES;
				CLANG_WARN_ENUM_CONVERSION = YES;
				CLANG_WARN_INT_CONVERSION = YES;
				CLANG_WARN_OBJC_ROOT_CLASS = YES_ERROR;
				CLANG_WARN_UNREACHABLE_CODE = YES;
				CLANG_WARN__DUPLICATE_METHOD_MATCH = YES;
				CODE_SIGN_IDENTITY = "-";
				COPY_PHASE_STRIP = NO;
				DEBUG_INFORMATION_FORMAT = "dwarf-with-dsym";
				ENABLE_NS_ASSERTIONS = NO;
				ENABLE_STRICT_OBJC_MSGSEND = YES;
				GCC_C_LANGUAGE_STANDARD = gnu99;
				GCC_NO_COMMON_BLOCKS = YES;
				GCC_WARN_64_TO_32_BIT_CONVERSION = YES;
				GCC_WARN_ABOUT_RETURN_TYPE = YES_ERROR;
				GCC_WARN_UNDECLARED_SELECTOR = YES;
				GCC_WARN_UNINITIALIZED_AUTOS = YES_AGGRESSIVE;
				GCC_WARN_UNUSED_FUNCTION = YES;
				GCC_WARN_UNUSED_VARIABLE = YES;
				MACOSX_DEPLOYMENT_TARGET = 10.11;
				MTL_ENABLE_DEBUG_INFO = NO;
				SDKROOT = macosx;
			};
			name = Release;
		};
		34A963921CE50C7900CD9B57 /* Debug */ = {
			isa = XCBuildConfiguration;
			buildSettings = {
				PRODUCT_MODULE_NAME = CC3;
				PRODUCT_NAME = cc3;
			};
			name = Debug;
		};
		34A963931CE50C7900CD9B57 /* Release */ = {
			isa = XCBuildConfiguration;
			buildSettings = {
				PRODUCT_MODULE_NAME = CC3;
				PRODUCT_NAME = cc3;
			};
			name = Release;
		};
		34E2D05B1CEA617F00DD34D0 /* Debug */ = {
			isa = XCBuildConfiguration;
			buildSettings = {
				COMBINE_HIDPI_IMAGES = YES;
				INFOPLIST_FILE = "CC3 Tests/Info.plist";
				LD_RUNPATH_SEARCH_PATHS = "$(inherited) @executable_path/../Frameworks @loader_path/../Frameworks";
				PRODUCT_BUNDLE_IDENTIFIER = "com.willowtreeapps.CC3-Tests";
				PRODUCT_NAME = "$(TARGET_NAME)";
			};
			name = Debug;
		};
		34E2D05C1CEA617F00DD34D0 /* Release */ = {
			isa = XCBuildConfiguration;
			buildSettings = {
				COMBINE_HIDPI_IMAGES = YES;
				INFOPLIST_FILE = "CC3 Tests/Info.plist";
				LD_RUNPATH_SEARCH_PATHS = "$(inherited) @executable_path/../Frameworks @loader_path/../Frameworks";
				PRODUCT_BUNDLE_IDENTIFIER = "com.willowtreeapps.CC3-Tests";
				PRODUCT_NAME = "$(TARGET_NAME)";
			};
			name = Release;
		};
/* End XCBuildConfiguration section */

/* Begin XCConfigurationList section */
		34A963851CE50C7900CD9B57 /* Build configuration list for PBXProject "Coding Challenge 3" */ = {
			isa = XCConfigurationList;
			buildConfigurations = (
				34A9638F1CE50C7900CD9B57 /* Debug */,
				34A963901CE50C7900CD9B57 /* Release */,
			);
			defaultConfigurationIsVisible = 0;
			defaultConfigurationName = Release;
		};
		34A963911CE50C7900CD9B57 /* Build configuration list for PBXNativeTarget "Coding Challenge 3" */ = {
			isa = XCConfigurationList;
			buildConfigurations = (
				34A963921CE50C7900CD9B57 /* Debug */,
				34A963931CE50C7900CD9B57 /* Release */,
			);
			defaultConfigurationIsVisible = 0;
			defaultConfigurationName = Release;
		};
		34E2D05D1CEA617F00DD34D0 /* Build configuration list for PBXNativeTarget "CC3 Tests" */ = {
			isa = XCConfigurationList;
			buildConfigurations = (
				34E2D05B1CEA617F00DD34D0 /* Debug */,
				34E2D05C1CEA617F00DD34D0 /* Release */,
			);
			defaultConfigurationIsVisible = 0;
			defaultConfigurationName = Release;
		};
/* End XCConfigurationList section */
	};
	rootObject = 34A963821CE50C7900CD9B57 /* Project object */;
}
